
Microsoft Visual Studio Solution File, Format Version 11.00
# Visual Studio 2010
Project("{2150E333-8FDC-42A3-9474-1A3956D46DE8}") = "Solution Items", "Solution Items", "{FA9C9770-1F72-4C3D-925E-60DFC8599ABD}"
	ProjectSection(SolutionItems) = preProject
		LocalTestRun.testrunconfig = LocalTestRun.testrunconfig
	EndProjectSection
EndProject
Project("{FAE04EC0-301F-11D3-BF4B-00C04F79EFBC}") = "SharpSerializer.Library", "SharpSerializer.Library\SharpSerializer.Library.csproj", "{88AB738F-7A36-4C93-B808-B6CE2D3444B2}"
EndProject
Project("{FAE04EC0-301F-11D3-BF4B-00C04F79EFBC}") = "HelloWorldApp", "HelloWorldApp\HelloWorldApp.csproj", "{37FC6487-5704-40E3-BCE0-EDB8A2062BCB}"
EndProject
Project("{FAE04EC0-301F-11D3-BF4B-00C04F79EFBC}") = "SharpSerializer.Library.Silverlight", "SharpSerializer.Library.Silverlight\SharpSerializer.Library.Silverlight.csproj", "{4096DECB-F198-492A-AFC2-51671C802277}"
EndProject
Project("{FAE04EC0-301F-11D3-BF4B-00C04F79EFBC}") = "SharpSerializer.Tests", "SharpSerializer.Tests\SharpSerializer.Tests.csproj", "{6D44C26F-76A3-48F0-A29A-406603B72695}"
EndProject
Project("{FAE04EC0-301F-11D3-BF4B-00C04F79EFBC}") = "SharpSerializer.Library.Portable", "SharpSerializer.Library.Portable\SharpSerializer.Library.Portable.csproj", "{B0FB4215-357F-4FAF-8EE9-93FD684B4B3F}"
EndProject
Global
	GlobalSection(TestCaseManagementSettings) = postSolution
		CategoryFile = SharpSerializer.vsmdi
	EndGlobalSection
	GlobalSection(SolutionConfigurationPlatforms) = preSolution
		Debug|Any CPU = Debug|Any CPU
		Release|Any CPU = Release|Any CPU
	EndGlobalSection
	GlobalSection(ProjectConfigurationPlatforms) = postSolution
		{88AB738F-7A36-4C93-B808-B6CE2D3444B2}.Debug|Any CPU.ActiveCfg = Debug|Any CPU
		{88AB738F-7A36-4C93-B808-B6CE2D3444B2}.Debug|Any CPU.Build.0 = Debug|Any CPU
		{88AB738F-7A36-4C93-B808-B6CE2D3444B2}.Release|Any CPU.ActiveCfg = Release|Any CPU
		{88AB738F-7A36-4C93-B808-B6CE2D3444B2}.Release|Any CPU.Build.0 = Release|Any CPU
		{37FC6487-5704-40E3-BCE0-EDB8A2062BCB}.Debug|Any CPU.ActiveCfg = Debug|Any CPU
		{37FC6487-5704-40E3-BCE0-EDB8A2062BCB}.Debug|Any CPU.Build.0 = Debug|Any CPU
		{37FC6487-5704-40E3-BCE0-EDB8A2062BCB}.Release|Any CPU.ActiveCfg = Release|Any CPU
		{37FC6487-5704-40E3-BCE0-EDB8A2062BCB}.Release|Any CPU.Build.0 = Release|Any CPU
		{4096DECB-F198-492A-AFC2-51671C802277}.Debug|Any CPU.ActiveCfg = Debug|Any CPU
		{4096DECB-F198-492A-AFC2-51671C802277}.Debug|Any CPU.Build.0 = Debug|Any CPU
		{4096DECB-F198-492A-AFC2-51671C802277}.Release|Any CPU.ActiveCfg = Release|Any CPU
		{4096DECB-F198-492A-AFC2-51671C802277}.Release|Any CPU.Build.0 = Release|Any CPU
		{6D44C26F-76A3-48F0-A29A-406603B72695}.Debug|Any CPU.ActiveCfg = Debug|Any CPU
		{6D44C26F-76A3-48F0-A29A-406603B72695}.Debug|Any CPU.Build.0 = Debug|Any CPU
		{6D44C26F-76A3-48F0-A29A-406603B72695}.Release|Any CPU.ActiveCfg = Release|Any CPU
		{6D44C26F-76A3-48F0-A29A-406603B72695}.Release|Any CPU.Build.0 = Release|Any CPU
		{B0FB4215-357F-4FAF-8EE9-93FD684B4B3F}.Debug|Any CPU.ActiveCfg = Debug|Any CPU
		{B0FB4215-357F-4FAF-8EE9-93FD684B4B3F}.Debug|Any CPU.Build.0 = Debug|Any CPU
		{B0FB4215-357F-4FAF-8EE9-93FD684B4B3F}.Release|Any CPU.ActiveCfg = Release|Any CPU
		{B0FB4215-357F-4FAF-8EE9-93FD684B4B3F}.Release|Any CPU.Build.0 = Release|Any CPU
	EndGlobalSection
	GlobalSection(SolutionProperties) = preSolution
		HideSolutionNode = FALSE
	EndGlobalSection
EndGlobal
